
Microsoft Visual Studio Solution File, Format Version 12.00
# Visual Studio 15
VisualStudioVersion = 15.0.27428.2037
MinimumVisualStudioVersion = 10.0.40219.1
Project("{8BC9CEB8-8B4A-11D0-8D11-00A0C91BC942}") = "ConsoleApplication1", "ConsoleApplication1\ConsoleApplication1.vcxproj", "{D8B4436C-771D-4A9A-91EF-111E92A222B5}"
EndProject
Project("{8BC9CEB8-8B4A-11D0-8D11-00A0C91BC942}") = "CLR1", "CLR1\CLR1.vcxproj", "{BE90F59A-415D-4712-93BE-A1BEBE442AE5}"
EndProject
Global
	GlobalSection(SolutionConfigurationPlatforms) = preSolution
		Debug|x64 = Debug|x64
		Debug|x86 = Debug|x86
		Release|x64 = Release|x64
		Release|x86 = Release|x86
	EndGlobalSection
	GlobalSection(ProjectConfigurationPlatforms) = postSolution
		{D8B4436C-771D-4A9A-91EF-111E92A222B5}.Debug|x64.ActiveCfg = Debug|x64
		{D8B4436C-771D-4A9A-91EF-111E92A222B5}.Debug|x64.Build.0 = Debug|x64
		{D8B4436C-771D-4A9A-91EF-111E92A222B5}.Debug|x86.ActiveCfg = Debug|Win32
		{D8B4436C-771D-4A9A-91EF-111E92A222B5}.Debug|x86.Build.0 = Debug|Win32
		{D8B4436C-771D-4A9A-91EF-111E92A222B5}.Release|x64.ActiveCfg = Release|x64
		{D8B4436C-771D-4A9A-91EF-111E92A222B5}.Release|x64.Build.0 = Release|x64
		{D8B4436C-771D-4A9A-91EF-111E92A222B5}.Release|x86.ActiveCfg = Release|Win32
		{D8B4436C-771D-4A9A-91EF-111E92A222B5}.Release|x86.Build.0 = Release|Win32
		{BE90F59A-415D-4712-93BE-A1BEBE442AE5}.Debug|x64.ActiveCfg = Debug|x64
		{BE90F59A-415D-4712-93BE-A1BEBE442AE5}.Debug|x64.Build.0 = Debug|x64
		{BE90F59A-415D-4712-93BE-A1BEBE442AE5}.Debug|x86.ActiveCfg = Debug|Win32
		{BE90F59A-415D-4712-93BE-A1BEBE442AE5}.Debug|x86.Build.0 = Debug|Win32
		{BE90F59A-415D-4712-93BE-A1BEBE442AE5}.Release|x64.ActiveCfg = Release|x64
		{BE90F59A-415D-4712-93BE-A1BEBE442AE5}.Release|x64.Build.0 = Release|x64
		{BE90F59A-415D-4712-93BE-A1BEBE442AE5}.Release|x86.ActiveCfg = Release|Win32
		{BE90F59A-415D-4712-93BE-A1BEBE442AE5}.Release|x86.Build.0 = Release|Win32
	EndGlobalSection
	GlobalSection(SolutionProperties) = preSolution
		HideSolutionNode = FALSE
	EndGlobalSection
	GlobalSection(ExtensibilityGlobals) = postSolution
		SolutionGuid = {DEA929D1-C0A6-44FB-AE5B-0BBC02454FD8}
	EndGlobalSection
EndGlobal
